
Microsoft Visual Studio Solution File, Format Version 12.00
# Visual Studio Version 17
VisualStudioVersion = 17.0.31903.59
MinimumVisualStudioVersion = 10.0.40219.1
Project("{9A19103F-16F7-4668-BE54-9A1E7A4F7556}") = "MW", "MW.csproj", "{0B61F850-01A4-44E1-922A-4570FB2B6349}"
EndProject
Project("{2150E333-8FDC-42A3-9474-1A3956D46DE8}") = "Solution Items", "Solution Items", "{81814DFD-4A3D-4B88-BF35-476290370E2C}"
	ProjectSection(SolutionItems) = preProject
		.editorconfig = .editorconfig
	EndProjectSection
EndProject
Project("{9A19103F-16F7-4668-BE54-9A1E7A4F7556}") = "MTest", "MTest\MTest.csproj", "{7BA332F8-3BFE-46D8-A720-3810E7485B27}"
EndProject
Project("{8BC9CEB8-8B4A-11D0-8D11-00A0C91BC942}") = "MGenerator", "MGenerator\Generator.vcxproj", "{68CD8CD0-B832-42D5-B893-BDF226D7052C}"
EndProject
Project("{9A19103F-16F7-4668-BE54-9A1E7A4F7556}") = "MWEditor", "MWEditor\MWEditor.csproj", "{1272E28A-70E1-47C2-8496-5B8398339F9D}"
EndProject
Project("{FAE04EC0-301F-11D3-BF4B-00C04F79EFBC}") = "Assembly-CSharp", "MSandpit\MSandpit\Assembly-CSharp.csproj", "{CFF12404-70DB-4755-F269-97860056F070}"
EndProject
Global
	GlobalSection(SolutionConfigurationPlatforms) = preSolution
		Debug|Any CPU = Debug|Any CPU
		Debug|x64 = Debug|x64
		Debug|x86 = Debug|x86
		Release|Any CPU = Release|Any CPU
		Release|x64 = Release|x64
		Release|x86 = Release|x86
	EndGlobalSection
	GlobalSection(ProjectConfigurationPlatforms) = postSolution
		{0B61F850-01A4-44E1-922A-4570FB2B6349}.Debug|Any CPU.ActiveCfg = Debug|Any CPU
		{0B61F850-01A4-44E1-922A-4570FB2B6349}.Debug|Any CPU.Build.0 = Debug|Any CPU
		{0B61F850-01A4-44E1-922A-4570FB2B6349}.Debug|x64.ActiveCfg = Debug|Any CPU
		{0B61F850-01A4-44E1-922A-4570FB2B6349}.Debug|x64.Build.0 = Debug|Any CPU
		{0B61F850-01A4-44E1-922A-4570FB2B6349}.Debug|x86.ActiveCfg = Debug|Any CPU
		{0B61F850-01A4-44E1-922A-4570FB2B6349}.Debug|x86.Build.0 = Debug|Any CPU
		{0B61F850-01A4-44E1-922A-4570FB2B6349}.Release|Any CPU.ActiveCfg = Release|Any CPU
		{0B61F850-01A4-44E1-922A-4570FB2B6349}.Release|Any CPU.Build.0 = Release|Any CPU
		{0B61F850-01A4-44E1-922A-4570FB2B6349}.Release|x64.ActiveCfg = Release|Any CPU
		{0B61F850-01A4-44E1-922A-4570FB2B6349}.Release|x64.Build.0 = Release|Any CPU
		{0B61F850-01A4-44E1-922A-4570FB2B6349}.Release|x86.ActiveCfg = Release|Any CPU
		{0B61F850-01A4-44E1-922A-4570FB2B6349}.Release|x86.Build.0 = Release|Any CPU
		{7BA332F8-3BFE-46D8-A720-3810E7485B27}.Debug|Any CPU.ActiveCfg = Debug|Any CPU
		{7BA332F8-3BFE-46D8-A720-3810E7485B27}.Debug|Any CPU.Build.0 = Debug|Any CPU
		{7BA332F8-3BFE-46D8-A720-3810E7485B27}.Debug|x64.ActiveCfg = Debug|Any CPU
		{7BA332F8-3BFE-46D8-A720-3810E7485B27}.Debug|x64.Build.0 = Debug|Any CPU
		{7BA332F8-3BFE-46D8-A720-3810E7485B27}.Debug|x86.ActiveCfg = Debug|Any CPU
		{7BA332F8-3BFE-46D8-A720-3810E7485B27}.Debug|x86.Build.0 = Debug|Any CPU
		{7BA332F8-3BFE-46D8-A720-3810E7485B27}.Release|Any CPU.ActiveCfg = Release|Any CPU
		{7BA332F8-3BFE-46D8-A720-3810E7485B27}.Release|Any CPU.Build.0 = Release|Any CPU
		{7BA332F8-3BFE-46D8-A720-3810E7485B27}.Release|x64.ActiveCfg = Release|Any CPU
		{7BA332F8-3BFE-46D8-A720-3810E7485B27}.Release|x64.Build.0 = Release|Any CPU
		{7BA332F8-3BFE-46D8-A720-3810E7485B27}.Release|x86.ActiveCfg = Release|Any CPU
		{7BA332F8-3BFE-46D8-A720-3810E7485B27}.Release|x86.Build.0 = Release|Any CPU
		{68CD8CD0-B832-42D5-B893-BDF226D7052C}.Debug|Any CPU.ActiveCfg = Debug|x64
		{68CD8CD0-B832-42D5-B893-BDF226D7052C}.Debug|Any CPU.Build.0 = Debug|x64
		{68CD8CD0-B832-42D5-B893-BDF226D7052C}.Debug|x64.ActiveCfg = Debug|x64
		{68CD8CD0-B832-42D5-B893-BDF226D7052C}.Debug|x64.Build.0 = Debug|x64
		{68CD8CD0-B832-42D5-B893-BDF226D7052C}.Debug|x86.ActiveCfg = Debug|Win32
		{68CD8CD0-B832-42D5-B893-BDF226D7052C}.Debug|x86.Build.0 = Debug|Win32
		{68CD8CD0-B832-42D5-B893-BDF226D7052C}.Release|Any CPU.ActiveCfg = Release|x64
		{68CD8CD0-B832-42D5-B893-BDF226D7052C}.Release|Any CPU.Build.0 = Release|x64
		{68CD8CD0-B832-42D5-B893-BDF226D7052C}.Release|x64.ActiveCfg = Release|x64
		{68CD8CD0-B832-42D5-B893-BDF226D7052C}.Release|x64.Build.0 = Release|x64
		{68CD8CD0-B832-42D5-B893-BDF226D7052C}.Release|x86.ActiveCfg = Release|Win32
		{68CD8CD0-B832-42D5-B893-BDF226D7052C}.Release|x86.Build.0 = Release|Win32
		{1272E28A-70E1-47C2-8496-5B8398339F9D}.Debug|Any CPU.ActiveCfg = Debug|Any CPU
		{1272E28A-70E1-47C2-8496-5B8398339F9D}.Debug|Any CPU.Build.0 = Debug|Any CPU
		{1272E28A-70E1-47C2-8496-5B8398339F9D}.Debug|x64.ActiveCfg = Debug|Any CPU
		{1272E28A-70E1-47C2-8496-5B8398339F9D}.Debug|x64.Build.0 = Debug|Any CPU
		{1272E28A-70E1-47C2-8496-5B8398339F9D}.Debug|x86.ActiveCfg = Debug|Any CPU
		{1272E28A-70E1-47C2-8496-5B8398339F9D}.Debug|x86.Build.0 = Debug|Any CPU
		{1272E28A-70E1-47C2-8496-5B8398339F9D}.Release|Any CPU.ActiveCfg = Release|Any CPU
		{1272E28A-70E1-47C2-8496-5B8398339F9D}.Release|Any CPU.Build.0 = Release|Any CPU
		{1272E28A-70E1-47C2-8496-5B8398339F9D}.Release|x64.ActiveCfg = Release|Any CPU
		{1272E28A-70E1-47C2-8496-5B8398339F9D}.Release|x64.Build.0 = Release|Any CPU
		{1272E28A-70E1-47C2-8496-5B8398339F9D}.Release|x86.ActiveCfg = Release|Any CPU
		{1272E28A-70E1-47C2-8496-5B8398339F9D}.Release|x86.Build.0 = Release|Any CPU
		{CFF12404-70DB-4755-F269-97860056F070}.Debug|Any CPU.ActiveCfg = Debug|Any CPU
		{CFF12404-70DB-4755-F269-97860056F070}.Debug|Any CPU.Build.0 = Debug|Any CPU
		{CFF12404-70DB-4755-F269-97860056F070}.Debug|x64.ActiveCfg = Debug|Any CPU
		{CFF12404-70DB-4755-F269-97860056F070}.Debug|x64.Build.0 = Debug|Any CPU
		{CFF12404-70DB-4755-F269-97860056F070}.Debug|x86.ActiveCfg = Debug|Any CPU
		{CFF12404-70DB-4755-F269-97860056F070}.Debug|x86.Build.0 = Debug|Any CPU
		{CFF12404-70DB-4755-F269-97860056F070}.Release|Any CPU.ActiveCfg = Release|Any CPU
		{CFF12404-70DB-4755-F269-97860056F070}.Release|Any CPU.Build.0 = Release|Any CPU
		{CFF12404-70DB-4755-F269-97860056F070}.Release|x64.ActiveCfg = Release|Any CPU
		{CFF12404-70DB-4755-F269-97860056F070}.Release|x64.Build.0 = Release|Any CPU
		{CFF12404-70DB-4755-F269-97860056F070}.Release|x86.ActiveCfg = Release|Any CPU
		{CFF12404-70DB-4755-F269-97860056F070}.Release|x86.Build.0 = Release|Any CPU
	EndGlobalSection
	GlobalSection(SolutionProperties) = preSolution
		HideSolutionNode = FALSE
	EndGlobalSection
	GlobalSection(ExtensibilityGlobals) = postSolution
		SolutionGuid = {043C2F7A-3D27-4F93-8342-289706378304}
	EndGlobalSection
EndGlobal
